{
  "name": "cloudflare-workers",
  "version": "0.0.14",
  "lockfileVersion": 1,
  "requires": true,
  "dependencies": {
    "regexparam": {
      "version": "1.2.2",
      "resolved": "https://registry.npmjs.org/regexparam/-/regexparam-1.2.2.tgz",
      "integrity": "sha512-CmbC750jknq3ZCZqyGzfdyEQMd+qsAwrzf53HxRm3uJd1defVpR+y2FQvz3nyPkHcEI1LETa7+wrP5MqzQVbzg=="
    },
    "trouter": {
      "version": "3.0.2",
      "resolved": "https://registry.npmjs.org/trouter/-/trouter-3.0.2.tgz",
      "integrity": "sha512-wzUcM3oKmF8Fx5pd+3IxZj5LBugqW+hSQHm6cTHkpiZHL8w6YeZSzo3LPw0UdhlwaGPms3OxT7N4GEOIRTw+jw==",
      "requires": {
        "regexparam": "^1.2.0"
      }
    }
  }
}
